
Microsoft Visual Studio Solution File, Format Version 12.00
# Visual Studio Version 17
VisualStudioVersion = 17.5.33516.290
MinimumVisualStudioVersion = 10.0.40219.1
Project("{FAE04EC0-301F-11D3-BF4B-00C04F79EFBC}") = "P_I_10_all", "P_I_10_all\P_I_10_all.csproj", "{77649E06-F30C-4F40-9452-621EBAF463B3}"
EndProject
Global
	GlobalSection(SolutionConfigurationPlatforms) = preSolution
		Debug|Any CPU = Debug|Any CPU
		Release|Any CPU = Release|Any CPU
	EndGlobalSection
	GlobalSection(ProjectConfigurationPlatforms) = postSolution
		{77649E06-F30C-4F40-9452-621EBAF463B3}.Debug|Any CPU.ActiveCfg = Debug|Any CPU
		{77649E06-F30C-4F40-9452-621EBAF463B3}.Debug|Any CPU.Build.0 = Debug|Any CPU
		{77649E06-F30C-4F40-9452-621EBAF463B3}.Release|Any CPU.ActiveCfg = Release|Any CPU
		{77649E06-F30C-4F40-9452-621EBAF463B3}.Release|Any CPU.Build.0 = Release|Any CPU
	EndGlobalSection
	GlobalSection(SolutionProperties) = preSolution
		HideSolutionNode = FALSE
	EndGlobalSection
	GlobalSection(ExtensibilityGlobals) = postSolution
		SolutionGuid = {BAE14C40-FDF9-4A1E-B193-6A611B06487E}
	EndGlobalSection
EndGlobal
